
Microsoft Visual Studio Solution File, Format Version 12.00
# Visual Studio Version 17
VisualStudioVersion = 17.4.33122.133
MinimumVisualStudioVersion = 10.0.40219.1
Project("{FAE04EC0-301F-11D3-BF4B-00C04F79EFBC}") = "DILDO Library", "DILDO Library\DILDO Library.csproj", "{8367B625-494C-4ABA-A0B9-BA60925B5CCC}"
EndProject
Project("{9A19103F-16F7-4668-BE54-9A1E7A4F7556}") = "DILDO User Interface", "DILDO User Interface\DILDO User Interface.csproj", "{F8B964C6-4EDB-401E-ADE7-925EA13A174E}"
EndProject
Project("{2150E333-8FDC-42A3-9474-1A3956D46DE8}") = "Solution Items", "Solution Items", "{E1F1430F-6AFC-4E2D-840F-23F80C144B5C}"
	ProjectSection(SolutionItems) = preProject
		.editorconfig = .editorconfig
	EndProjectSection
EndProject
Global
	GlobalSection(SolutionConfigurationPlatforms) = preSolution
		Debug|Any CPU = Debug|Any CPU
		Release|Any CPU = Release|Any CPU
	EndGlobalSection
	GlobalSection(ProjectConfigurationPlatforms) = postSolution
		{8367B625-494C-4ABA-A0B9-BA60925B5CCC}.Debug|Any CPU.ActiveCfg = Debug|Any CPU
		{8367B625-494C-4ABA-A0B9-BA60925B5CCC}.Debug|Any CPU.Build.0 = Debug|Any CPU
		{8367B625-494C-4ABA-A0B9-BA60925B5CCC}.Release|Any CPU.ActiveCfg = Release|Any CPU
		{8367B625-494C-4ABA-A0B9-BA60925B5CCC}.Release|Any CPU.Build.0 = Release|Any CPU
		{F8B964C6-4EDB-401E-ADE7-925EA13A174E}.Debug|Any CPU.ActiveCfg = Debug|Any CPU
		{F8B964C6-4EDB-401E-ADE7-925EA13A174E}.Debug|Any CPU.Build.0 = Debug|Any CPU
		{F8B964C6-4EDB-401E-ADE7-925EA13A174E}.Release|Any CPU.ActiveCfg = Release|Any CPU
		{F8B964C6-4EDB-401E-ADE7-925EA13A174E}.Release|Any CPU.Build.0 = Release|Any CPU
	EndGlobalSection
	GlobalSection(SolutionProperties) = preSolution
		HideSolutionNode = FALSE
	EndGlobalSection
	GlobalSection(ExtensibilityGlobals) = postSolution
		SolutionGuid = {034A50B3-BB34-4E52-BE82-D6E2387DDC3C}
	EndGlobalSection
EndGlobal
